
Microsoft Visual Studio Solution File, Format Version 12.00
# Visual Studio 15
VisualStudioVersion = 15.0.28307.421
MinimumVisualStudioVersion = 10.0.40219.1
Project("{9A19103F-16F7-4668-BE54-9A1E7A4F7556}") = "Marsen.NetCore.DA", "src\Marsen.NetCore.DA\Marsen.NetCore.DA.csproj", "{B6DB7B7E-14AA-48BE-80DC-72037882161A}"
EndProject
Project("{9A19103F-16F7-4668-BE54-9A1E7A4F7556}") = "Marsen.NetCore.Site", "src\Marsen.NetCore.Site\Marsen.NetCore.Site.csproj", "{4FC57062-6B42-41C5-9E7A-570A20984A18}"
EndProject
Global
	GlobalSection(SolutionConfigurationPlatforms) = preSolution
		Debug|Any CPU = Debug|Any CPU
		Release|Any CPU = Release|Any CPU
	EndGlobalSection
	GlobalSection(ProjectConfigurationPlatforms) = postSolution
		{B6DB7B7E-14AA-48BE-80DC-72037882161A}.Debug|Any CPU.ActiveCfg = Debug|Any CPU
		{B6DB7B7E-14AA-48BE-80DC-72037882161A}.Debug|Any CPU.Build.0 = Debug|Any CPU
		{B6DB7B7E-14AA-48BE-80DC-72037882161A}.Release|Any CPU.ActiveCfg = Release|Any CPU
		{B6DB7B7E-14AA-48BE-80DC-72037882161A}.Release|Any CPU.Build.0 = Release|Any CPU
		{4FC57062-6B42-41C5-9E7A-570A20984A18}.Debug|Any CPU.ActiveCfg = Debug|Any CPU
		{4FC57062-6B42-41C5-9E7A-570A20984A18}.Debug|Any CPU.Build.0 = Debug|Any CPU
		{4FC57062-6B42-41C5-9E7A-570A20984A18}.Release|Any CPU.ActiveCfg = Release|Any CPU
		{4FC57062-6B42-41C5-9E7A-570A20984A18}.Release|Any CPU.Build.0 = Release|Any CPU
	EndGlobalSection
	GlobalSection(SolutionProperties) = preSolution
		HideSolutionNode = FALSE
	EndGlobalSection
	GlobalSection(ExtensibilityGlobals) = postSolution
		SolutionGuid = {33C0AB8E-8BDB-4E79-A0FB-6D779F91D60A}
	EndGlobalSection
EndGlobal
